
Microsoft Visual Studio Solution File, Format Version 12.00
# Visual Studio Version 17
VisualStudioVersion = 17.7.34018.315
MinimumVisualStudioVersion = 10.0.40219.1
Project("{9A19103F-16F7-4668-BE54-9A1E7A4F7556}") = "Entidades", "MODELO PARCIAL\Entidades.csproj", "{3B3D9FF9-C6D2-4830-A64E-0E1B23E7CE76}"
EndProject
Project("{FAE04EC0-301F-11D3-BF4B-00C04F79EFBC}") = "AppLavadero", "AppLavadero\AppLavadero.csproj", "{8F2CB310-FFBA-40D4-933A-EAB61B8E2433}"
EndProject
Project("{FAE04EC0-301F-11D3-BF4B-00C04F79EFBC}") = "AppLavaderoWF", "AppLavaderoWF\AppLavaderoWF.csproj", "{67E375A8-AC6B-4973-80BA-03C3AB72E0A7}"
EndProject
Global
	GlobalSection(SolutionConfigurationPlatforms) = preSolution
		Debug|Any CPU = Debug|Any CPU
		Release|Any CPU = Release|Any CPU
	EndGlobalSection
	GlobalSection(ProjectConfigurationPlatforms) = postSolution
		{3B3D9FF9-C6D2-4830-A64E-0E1B23E7CE76}.Debug|Any CPU.ActiveCfg = Debug|Any CPU
		{3B3D9FF9-C6D2-4830-A64E-0E1B23E7CE76}.Debug|Any CPU.Build.0 = Debug|Any CPU
		{3B3D9FF9-C6D2-4830-A64E-0E1B23E7CE76}.Release|Any CPU.ActiveCfg = Release|Any CPU
		{3B3D9FF9-C6D2-4830-A64E-0E1B23E7CE76}.Release|Any CPU.Build.0 = Release|Any CPU
		{8F2CB310-FFBA-40D4-933A-EAB61B8E2433}.Debug|Any CPU.ActiveCfg = Debug|Any CPU
		{8F2CB310-FFBA-40D4-933A-EAB61B8E2433}.Debug|Any CPU.Build.0 = Debug|Any CPU
		{8F2CB310-FFBA-40D4-933A-EAB61B8E2433}.Release|Any CPU.ActiveCfg = Release|Any CPU
		{8F2CB310-FFBA-40D4-933A-EAB61B8E2433}.Release|Any CPU.Build.0 = Release|Any CPU
		{67E375A8-AC6B-4973-80BA-03C3AB72E0A7}.Debug|Any CPU.ActiveCfg = Debug|Any CPU
		{67E375A8-AC6B-4973-80BA-03C3AB72E0A7}.Debug|Any CPU.Build.0 = Debug|Any CPU
		{67E375A8-AC6B-4973-80BA-03C3AB72E0A7}.Release|Any CPU.ActiveCfg = Release|Any CPU
		{67E375A8-AC6B-4973-80BA-03C3AB72E0A7}.Release|Any CPU.Build.0 = Release|Any CPU
	EndGlobalSection
	GlobalSection(SolutionProperties) = preSolution
		HideSolutionNode = FALSE
	EndGlobalSection
	GlobalSection(ExtensibilityGlobals) = postSolution
		SolutionGuid = {4DDD38E8-0609-4A01-9854-F43A06465B7E}
	EndGlobalSection
EndGlobal
